{
  "requires": true,
  "lockfileVersion": 1,
  "dependencies": {
    "cryptr": {
      "version": "6.0.2",
      "resolved": "https://registry.npmjs.org/cryptr/-/cryptr-6.0.2.tgz",
      "integrity": "sha512-1TRHI4bmuLIB8WgkH9eeYXzhEg1T4tonO4vVaMBKKde8Dre51J68nAgTVXTwMYXAf7+mV2gBCkm/9wksjSb2sA=="
    },
    "pkcs7-padding": {
      "version": "0.1.1",
      "resolved": "https://registry.npmjs.org/pkcs7-padding/-/pkcs7-padding-0.1.1.tgz",
      "integrity": "sha512-tM/sUOL5FdH7x6gSLHTNDFi1bAut/EXGFp/Ih8uRkVd2IdXwb5QWnxBgQXn6buadj1pLi3CYKCnrxb+XoTz+Ww=="
    },
    "rijndael-js": {
      "version": "2.0.0",
      "resolved": "https://registry.npmjs.org/rijndael-js/-/rijndael-js-2.0.0.tgz",
      "integrity": "sha512-TiCKXWUtNOqb6Ck6TMf51wD12hy4ApgFZj7DnWEJ9DHv3MMfu9X5hiervLNLzmj5ieVcLO4Wjp4c3466JUdAzQ=="
    }
  }
}
